// !$*UTF8*$!
{
	archiveVersion = 1;
	classes = {
	};
	objectVersion = 50;
	objects = {

/* Begin PBXBuildFile section */
		662D8AC3259DF00E005E83C0 /* AppDelegate.swift in Sources */ = {isa = PBXBuildFile; fileRef = 662D8AC2259DF00E005E83C0 /* AppDelegate.swift */; };
		662D8AC5259DF00E005E83C0 /* SceneDelegate.swift in Sources */ = {isa = PBXBuildFile; fileRef = 662D8AC4259DF00E005E83C0 /* SceneDelegate.swift */; };
		662D8AC7259DF00E005E83C0 /* ViewController.swift in Sources */ = {isa = PBXBuildFile; fileRef = 662D8AC6259DF00E005E83C0 /* ViewController.swift */; };
		662D8ACA259DF00E005E83C0 /* Main.storyboard in Resources */ = {isa = PBXBuildFile; fileRef = 662D8AC8259DF00E005E83C0 /* Main.storyboard */; };
		662D8ACC259DF00F005E83C0 /* Assets.xcassets in Resources */ = {isa = PBXBuildFile; fileRef = 662D8ACB259DF00F005E83C0 /* Assets.xcassets */; };
		662D8ACF259DF00F005E83C0 /* LaunchScreen.storyboard in Resources */ = {isa = PBXBuildFile; fileRef = 662D8ACD259DF00F005E83C0 /* LaunchScreen.storyboard */; };
		662D8ADA259DF00F005E83C0 /* VayeAppTests.swift in Sources */ = {isa = PBXBuildFile; fileRef = 662D8AD9259DF00F005E83C0 /* VayeAppTests.swift */; };
		662D8AE5259DF00F005E83C0 /* VayeAppUITests.swift in Sources */ = {isa = PBXBuildFile; fileRef = 662D8AE4259DF00F005E83C0 /* VayeAppUITests.swift */; };
/* End PBXBuildFile section */

/* Begin PBXContainerItemProxy section */
		662D8AD6259DF00F005E83C0 /* PBXContainerItemProxy */ = {
			isa = PBXContainerItemProxy;
			containerPortal = 662D8AB7259DF00E005E83C0 /* Project object */;
			proxyType = 1;
			remoteGlobalIDString = 662D8ABE259DF00E005E83C0;
			remoteInfo = VayeApp;
		};
		662D8AE1259DF00F005E83C0 /* PBXContainerItemProxy */ = {
			isa = PBXContainerItemProxy;
			containerPortal = 662D8AB7259DF00E005E83C0 /* Project object */;
			proxyType = 1;
			remoteGlobalIDString = 662D8ABE259DF00E005E83C0;
			remoteInfo = VayeApp;
		};
/* End PBXContainerItemProxy section */

/* Begin PBXFileReference section */
		662D8ABF259DF00E005E83C0 /* VayeApp.app */ = {isa = PBXFileReference; explicitFileType = wrapper.application; includeInIndex = 0; path = VayeApp.app; sourceTree = BUILT_PRODUCTS_DIR; };
		662D8AC2259DF00E005E83C0 /* AppDelegate.swift */ = {isa = PBXFileReference; lastKnownFileType = sourcecode.swift; path = AppDelegate.swift; sourceTree = "<group>"; };
		662D8AC4259DF00E005E83C0 /* SceneDelegate.swift */ = {isa = PBXFileReference; lastKnownFileType = sourcecode.swift; path = SceneDelegate.swift; sourceTree = "<group>"; };
		662D8AC6259DF00E005E83C0 /* ViewController.swift */ = {isa = PBXFileReference; lastKnownFileType = sourcecode.swift; path = ViewController.swift; sourceTree = "<group>"; };
		662D8AC9259DF00E005E83C0 /* Base */ = {isa = PBXFileReference; lastKnownFileType = file.storyboard; name = Base; path = Base.lproj/Main.storyboard; sourceTree = "<group>"; };
		662D8ACB259DF00F005E83C0 /* Assets.xcassets */ = {isa = PBXFileReference; lastKnownFileType = folder.assetcatalog; path = Assets.xcassets; sourceTree = "<group>"; };
		662D8ACE259DF00F005E83C0 /* Base */ = {isa = PBXFileReference; lastKnownFileType = file.storyboard; name = Base; path = Base.lproj/LaunchScreen.storyboard; sourceTree = "<group>"; };
		662D8AD0259DF00F005E83C0 /* Info.plist */ = {isa = PBXFileReference; lastKnownFileType = text.plist.xml; path = Info.plist; sourceTree = "<group>"; };
		662D8AD5259DF00F005E83C0 /* VayeAppTests.xctest */ = {isa = PBXFileReference; explicitFileType = wrapper.cfbundle; includeInIndex = 0; path = VayeAppTests.xctest; sourceTree = BUILT_PRODUCTS_DIR; };
		662D8AD9259DF00F005E83C0 /* VayeAppTests.swift */ = {isa = PBXFileReference; lastKnownFileType = sourcecode.swift; path = VayeAppTests.swift; sourceTree = "<group>"; };
		662D8ADB259DF00F005E83C0 /* Info.plist */ = {isa = PBXFileReference; lastKnownFileType = text.plist.xml; path = Info.plist; sourceTree = "<group>"; };
		662D8AE0259DF00F005E83C0 /* VayeAppUITests.xctest */ = {isa = PBXFileReference; explicitFileType = wrapper.cfbundle; includeInIndex = 0; path = VayeAppUITests.xctest; sourceTree = BUILT_PRODUCTS_DIR; };
		662D8AE4259DF00F005E83C0 /* VayeAppUITests.swift */ = {isa = PBXFileReference; lastKnownFileType = sourcecode.swift; path = VayeAppUITests.swift; sourceTree = "<group>"; };
		662D8AE6259DF00F005E83C0 /* Info.plist */ = {isa = PBXFileReference; lastKnownFileType = text.plist.xml; path = Info.plist; sourceTree = "<group>"; };
/* End PBXFileReference section */

/* Begin PBXFrameworksBuildPhase section */
		662D8ABC259DF00E005E83C0 /* Frameworks */ = {
			isa = PBXFrameworksBuildPhase;
			buildActionMask = 2147483647;
			files = (
			);
			runOnlyForDeploymentPostprocessing = 0;
		};
		662D8AD2259DF00F005E83C0 /* Frameworks */ = {
			isa = PBXFrameworksBuildPhase;
			buildActionMask = 2147483647;
			files = (
			);
			runOnlyForDeploymentPostprocessing = 0;
		};
		662D8ADD259DF00F005E83C0 /* Frameworks */ = {
			isa = PBXFrameworksBuildPhase;
			buildActionMask = 2147483647;
			files = (
			);
			runOnlyForDeploymentPostprocessing = 0;
		};
/* End PBXFrameworksBuildPhase section */

/* Begin PBXGroup section */
		662D8AB6259DF00E005E83C0 = {
			isa = PBXGroup;
			children = (
				662D8AC1259DF00E005E83C0 /* VayeApp */,
				662D8AD8259DF00F005E83C0 /* VayeAppTests */,
				662D8AE3259DF00F005E83C0 /* VayeAppUITests */,
				662D8AC0259DF00E005E83C0 /* Products */,
			);
			sourceTree = "<group>";
		};
		662D8AC0259DF00E005E83C0 /* Products */ = {
			isa = PBXGroup;
			children = (
				662D8ABF259DF00E005E83C0 /* VayeApp.app */,
				662D8AD5259DF00F005E83C0 /* VayeAppTests.xctest */,
				662D8AE0259DF00F005E83C0 /* VayeAppUITests.xctest */,
			);
			name = Products;
			sourceTree = "<group>";
		};
		662D8AC1259DF00E005E83C0 /* VayeApp */ = {
			isa = PBXGroup;
			children = (
				662D8AC2259DF00E005E83C0 /* AppDelegate.swift */,
				662D8AC4259DF00E005E83C0 /* SceneDelegate.swift */,
				662D8AC6259DF00E005E83C0 /* ViewController.swift */,
				662D8AC8259DF00E005E83C0 /* Main.storyboard */,
				662D8ACB259DF00F005E83C0 /* Assets.xcassets */,
				662D8ACD259DF00F005E83C0 /* LaunchScreen.storyboard */,
				662D8AD0259DF00F005E83C0 /* Info.plist */,
			);
			path = VayeApp;
			sourceTree = "<group>";
		};
		662D8AD8259DF00F005E83C0 /* VayeAppTests */ = {
			isa = PBXGroup;
			children = (
				662D8AD9259DF00F005E83C0 /* VayeAppTests.swift */,
				662D8ADB259DF00F005E83C0 /* Info.plist */,
			);
			path = VayeAppTests;
			sourceTree = "<group>";
		};
		662D8AE3259DF00F005E83C0 /* VayeAppUITests */ = {
			isa = PBXGroup;
			children = (
				662D8AE4259DF00F005E83C0 /* VayeAppUITests.swift */,
				662D8AE6259DF00F005E83C0 /* Info.plist */,
			);
			path = VayeAppUITests;
			sourceTree = "<group>";
		};
/* End PBXGroup section */

/* Begin PBXNativeTarget section */
		662D8ABE259DF00E005E83C0 /* VayeApp */ = {
			isa = PBXNativeTarget;
			buildConfigurationList = 662D8AE9259DF00F005E83C0 /* Build configuration list for PBXNativeTarget "VayeApp" */;
			buildPhases = (
				662D8ABB259DF00E005E83C0 /* Sources */,
				662D8ABC259DF00E005E83C0 /* Frameworks */,
				662D8ABD259DF00E005E83C0 /* Resources */,
			);
			buildRules = (
			);
			dependencies = (
			);
			name = VayeApp;
			productName = VayeApp;
			productReference = 662D8ABF259DF00E005E83C0 /* VayeApp.app */;
			productType = "com.apple.product-type.application";
		};
		662D8AD4259DF00F005E83C0 /* VayeAppTests */ = {
			isa = PBXNativeTarget;
			buildConfigurationList = 662D8AEC259DF00F005E83C0 /* Build configuration list for PBXNativeTarget "VayeAppTests" */;
			buildPhases = (
				662D8AD1259DF00F005E83C0 /* Sources */,
				662D8AD2259DF00F005E83C0 /* Frameworks */,
				662D8AD3259DF00F005E83C0 /* Resources */,
			);
			buildRules = (
			);
			dependencies = (
				662D8AD7259DF00F005E83C0 /* PBXTargetDependency */,
			);
			name = VayeAppTests;
			productName = VayeAppTests;
			productReference = 662D8AD5259DF00F005E83C0 /* VayeAppTests.xctest */;
			productType = "com.apple.product-type.bundle.unit-test";
		};
		662D8ADF259DF00F005E83C0 /* VayeAppUITests */ = {
			isa = PBXNativeTarget;
			buildConfigurationList = 662D8AEF259DF00F005E83C0 /* Build configuration list for PBXNativeTarget "VayeAppUITests" */;
			buildPhases = (
				662D8ADC259DF00F005E83C0 /* Sources */,
				662D8ADD259DF00F005E83C0 /* Frameworks */,
				662D8ADE259DF00F005E83C0 /* Resources */,
			);
			buildRules = (
			);
			dependencies = (
				662D8AE2259DF00F005E83C0 /* PBXTargetDependency */,
			);
			name = VayeAppUITests;
			productName = VayeAppUITests;
			productReference = 662D8AE0259DF00F005E83C0 /* VayeAppUITests.xctest */;
			productType = "com.apple.product-type.bundle.ui-testing";
		};
/* End PBXNativeTarget section */

/* Begin PBXProject section */
		662D8AB7259DF00E005E83C0 /* Project object */ = {
			isa = PBXProject;
			attributes = {
				LastSwiftUpdateCheck = 1220;
				LastUpgradeCheck = 1220;
				TargetAttributes = {
					662D8ABE259DF00E005E83C0 = {
						CreatedOnToolsVersion = 12.2;
					};
					662D8AD4259DF00F005E83C0 = {
						CreatedOnToolsVersion = 12.2;
						TestTargetID = 662D8ABE259DF00E005E83C0;
					};
					662D8ADF259DF00F005E83C0 = {
						CreatedOnToolsVersion = 12.2;
						TestTargetID = 662D8ABE259DF00E005E83C0;
					};
				};
			};
			buildConfigurationList = 662D8ABA259DF00E005E83C0 /* Build configuration list for PBXProject "VayeApp" */;
			compatibilityVersion = "Xcode 9.3";
			developmentRegion = en;
			hasScannedForEncodings = 0;
			knownRegions = (
				en,
				Base,
			);
			mainGroup = 662D8AB6259DF00E005E83C0;
			productRefGroup = 662D8AC0259DF00E005E83C0 /* Products */;
			projectDirPath = "";
			projectRoot = "";
			targets = (
				662D8ABE259DF00E005E83C0 /* VayeApp */,
				662D8AD4259DF00F005E83C0 /* VayeAppTests */,
				662D8ADF259DF00F005E83C0 /* VayeAppUITests */,
			);
		};
/* End PBXProject section */

/* Begin PBXResourcesBuildPhase section */
		662D8ABD259DF00E005E83C0 /* Resources */ = {
			isa = PBXResourcesBuildPhase;
			buildActionMask = 2147483647;
			files = (
				662D8ACF259DF00F005E83C0 /* LaunchScreen.storyboard in Resources */,
				662D8ACC259DF00F005E83C0 /* Assets.xcassets in Resources */,
				662D8ACA259DF00E005E83C0 /* Main.storyboard in Resources */,
			);
			runOnlyForDeploymentPostprocessing = 0;
		};
		662D8AD3259DF00F005E83C0 /* Resources */ = {
			isa = PBXResourcesBuildPhase;
			buildActionMask = 2147483647;
			files = (
			);
			runOnlyForDeploymentPostprocessing = 0;
		};
		662D8ADE259DF00F005E83C0 /* Resources */ = {
			isa = PBXResourcesBuildPhase;
			buildActionMask = 2147483647;
			files = (
			);
			runOnlyForDeploymentPostprocessing = 0;
		};
/* End PBXResourcesBuildPhase section */

/* Begin PBXSourcesBuildPhase section */
		662D8ABB259DF00E005E83C0 /* Sources */ = {
			isa = PBXSourcesBuildPhase;
			buildActionMask = 2147483647;
			files = (
				662D8AC7259DF00E005E83C0 /* ViewController.swift in Sources */,
				662D8AC3259DF00E005E83C0 /* AppDelegate.swift in Sources */,
				662D8AC5259DF00E005E83C0 /* SceneDelegate.swift in Sources */,
			);
			runOnlyForDeploymentPostprocessing = 0;
		};
		662D8AD1259DF00F005E83C0 /* Sources */ = {
			isa = PBXSourcesBuildPhase;
			buildActionMask = 2147483647;
			files = (
				662D8ADA259DF00F005E83C0 /* VayeAppTests.swift in Sources */,
			);
			runOnlyForDeploymentPostprocessing = 0;
		};
		662D8ADC259DF00F005E83C0 /* Sources */ = {
			isa = PBXSourcesBuildPhase;
			buildActionMask = 2147483647;
			files = (
				662D8AE5259DF00F005E83C0 /* VayeAppUITests.swift in Sources */,
			);
			runOnlyForDeploymentPostprocessing = 0;
		};
/* End PBXSourcesBuildPhase section */

/* Begin PBXTargetDependency section */
		662D8AD7259DF00F005E83C0 /* PBXTargetDependency */ = {
			isa = PBXTargetDependency;
			target = 662D8ABE259DF00E005E83C0 /* VayeApp */;
			targetProxy = 662D8AD6259DF00F005E83C0 /* PBXContainerItemProxy */;
		};
		662D8AE2259DF00F005E83C0 /* PBXTargetDependency */ = {
			isa = PBXTargetDependency;
			target = 662D8ABE259DF00E005E83C0 /* VayeApp */;
			targetProxy = 662D8AE1259DF00F005E83C0 /* PBXContainerItemProxy */;
		};
/* End PBXTargetDependency section */

/* Begin PBXVariantGroup section */
		662D8AC8259DF00E005E83C0 /* Main.storyboard */ = {
			isa = PBXVariantGroup;
			children = (
				662D8AC9259DF00E005E83C0 /* Base */,
			);
			name = Main.storyboard;
			sourceTree = "<group>";
		};
		662D8ACD259DF00F005E83C0 /* LaunchScreen.storyboard */ = {
			isa = PBXVariantGroup;
			children = (
				662D8ACE259DF00F005E83C0 /* Base */,
			);
			name = LaunchScreen.storyboard;
			sourceTree = "<group>";
		};
/* End PBXVariantGroup section */

/* Begin XCBuildConfiguration section */
		662D8AE7259DF00F005E83C0 /* Debug */ = {
			isa = XCBuildConfiguration;
			buildSettings = {
				ALWAYS_SEARCH_USER_PATHS = NO;
				CLANG_ANALYZER_NONNULL = YES;
				CLANG_ANALYZER_NUMBER_OBJECT_CONVERSION = YES_AGGRESSIVE;
				CLANG_CXX_LANGUAGE_STANDARD = "gnu++14";
				CLANG_CXX_LIBRARY = "libc++";
				CLANG_ENABLE_MODULES = YES;
				CLANG_ENABLE_OBJC_ARC = YES;
				CLANG_ENABLE_OBJC_WEAK = YES;
				CLANG_WARN_BLOCK_CAPTURE_AUTORELEASING = YES;
				CLANG_WARN_BOOL_CONVERSION = YES;
				CLANG_WARN_COMMA = YES;
				CLANG_WARN_CONSTANT_CONVERSION = YES;
				CLANG_WARN_DEPRECATED_OBJC_IMPLEMENTATIONS = YES;
				CLANG_WARN_DIRECT_OBJC_ISA_USAGE = YES_ERROR;
				CLANG_WARN_DOCUMENTATION_COMMENTS = YES;
				CLANG_WARN_EMPTY_BODY = YES;
				CLANG_WARN_ENUM_CONVERSION = YES;
				CLANG_WARN_INFINITE_RECURSION = YES;
				CLANG_WARN_INT_CONVERSION = YES;
				CLANG_WARN_NON_LITERAL_NULL_CONVERSION = YES;
				CLANG_WARN_OBJC_IMPLICIT_RETAIN_SELF = YES;
				CLANG_WARN_OBJC_LITERAL_CONVERSION = YES;
				CLANG_WARN_OBJC_ROOT_CLASS = YES_ERROR;
				CLANG_WARN_QUOTED_INCLUDE_IN_FRAMEWORK_HEADER = YES;
				CLANG_WARN_RANGE_LOOP_ANALYSIS = YES;
				CLANG_WARN_STRICT_PROTOTYPES = YES;
				CLANG_WARN_SUSPICIOUS_MOVE = YES;
				CLANG_WARN_UNGUARDED_AVAILABILITY = YES_AGGRESSIVE;
				CLANG_WARN_UNREACHABLE_CODE = YES;
				CLANG_WARN__DUPLICATE_METHOD_MATCH = YES;
				COPY_PHASE_STRIP = NO;
				DEBUG_INFORMATION_FORMAT = dwarf;
				ENABLE_STRICT_OBJC_MSGSEND = YES;
				ENABLE_TESTABILITY = YES;
				GCC_C_LANGUAGE_STANDARD = gnu11;
				GCC_DYNAMIC_NO_PIC = NO;
				GCC_NO_COMMON_BLOCKS = YES;
				GCC_OPTIMIZATION_LEVEL = 0;
				GCC_PREPROCESSOR_DEFINITIONS = (
					"DEBUG=1",
					"$(inherited)",
				);
				GCC_WARN_64_TO_32_BIT_CONVERSION = YES;
				GCC_WARN_ABOUT_RETURN_TYPE = YES_ERROR;
				GCC_WARN_UNDECLARED_SELECTOR = YES;
				GCC_WARN_UNINITIALIZED_AUTOS = YES_AGGRESSIVE;
				GCC_WARN_UNUSED_FUNCTION = YES;
				GCC_WARN_UNUSED_VARIABLE = YES;
				IPHONEOS_DEPLOYMENT_TARGET = 14.2;
				MTL_ENABLE_DEBUG_INFO = INCLUDE_SOURCE;
				MTL_FAST_MATH = YES;
				ONLY_ACTIVE_ARCH = YES;
				SDKROOT = iphoneos;
				SWIFT_ACTIVE_COMPILATION_CONDITIONS = DEBUG;
				SWIFT_OPTIMIZATION_LEVEL = "-Onone";
			};
			name = Debug;
		};
		662D8AE8259DF00F005E83C0 /* Release */ = {
			isa = XCBuildConfiguration;
			buildSettings = {
				ALWAYS_SEARCH_USER_PATHS = NO;
				CLANG_ANALYZER_NONNULL = YES;
				CLANG_ANALYZER_NUMBER_OBJECT_CONVERSION = YES_AGGRESSIVE;
				CLANG_CXX_LANGUAGE_STANDARD = "gnu++14";
				CLANG_CXX_LIBRARY = "libc++";
				CLANG_ENABLE_MODULES = YES;
				CLANG_ENABLE_OBJC_ARC = YES;
				CLANG_ENABLE_OBJC_WEAK = YES;
				CLANG_WARN_BLOCK_CAPTURE_AUTORELEASING = YES;
				CLANG_WARN_BOOL_CONVERSION = YES;
				CLANG_WARN_COMMA = YES;
				CLANG_WARN_CONSTANT_CONVERSION = YES;
				CLANG_WARN_DEPRECATED_OBJC_IMPLEMENTATIONS = YES;
				CLANG_WARN_DIRECT_OBJC_ISA_USAGE = YES_ERROR;
				CLANG_WARN_DOCUMENTATION_COMMENTS = YES;
				CLANG_WARN_EMPTY_BODY = YES;
				CLANG_WARN_ENUM_CONVERSION = YES;
				CLANG_WARN_INFINITE_RECURSION = YES;
				CLANG_WARN_INT_CONVERSION = YES;
				CLANG_WARN_NON_LITERAL_NULL_CONVERSION = YES;
				CLANG_WARN_OBJC_IMPLICIT_RETAIN_SELF = YES;
				CLANG_WARN_OBJC_LITERAL_CONVERSION = YES;
				CLANG_WARN_OBJC_ROOT_CLASS = YES_ERROR;
				CLANG_WARN_QUOTED_INCLUDE_IN_FRAMEWORK_HEADER = YES;
				CLANG_WARN_RANGE_LOOP_ANALYSIS = YES;
				CLANG_WARN_STRICT_PROTOTYPES = YES;
				CLANG_WARN_SUSPICIOUS_MOVE = YES;
				CLANG_WARN_UNGUARDED_AVAILABILITY = YES_AGGRESSIVE;
				CLANG_WARN_UNREACHABLE_CODE = YES;
				CLANG_WARN__DUPLICATE_METHOD_MATCH = YES;
				COPY_PHASE_STRIP = NO;
				DEBUG_INFORMATION_FORMAT = "dwarf-with-dsym";
				ENABLE_NS_ASSERTIONS = NO;
				ENABLE_STRICT_OBJC_MSGSEND = YES;
				GCC_C_LANGUAGE_STANDARD = gnu11;
				GCC_NO_COMMON_BLOCKS = YES;
				GCC_WARN_64_TO_32_BIT_CONVERSION = YES;
				GCC_WARN_ABOUT_RETURN_TYPE = YES_ERROR;
				GCC_WARN_UNDECLARED_SELECTOR = YES;
				GCC_WARN_UNINITIALIZED_AUTOS = YES_AGGRESSIVE;
				GCC_WARN_UNUSED_FUNCTION = YES;
				GCC_WARN_UNUSED_VARIABLE = YES;
				IPHONEOS_DEPLOYMENT_TARGET = 14.2;
				MTL_ENABLE_DEBUG_INFO = NO;
				MTL_FAST_MATH = YES;
				SDKROOT = iphoneos;
				SWIFT_COMPILATION_MODE = wholemodule;
				SWIFT_OPTIMIZATION_LEVEL = "-O";
				VALIDATE_PRODUCT = YES;
			};
			name = Release;
		};
		662D8AEA259DF00F005E83C0 /* Debug */ = {
			isa = XCBuildConfiguration;
			buildSettings = {
				ASSETCATALOG_COMPILER_APPICON_NAME = AppIcon;
				ASSETCATALOG_COMPILER_GLOBAL_ACCENT_COLOR_NAME = AccentColor;
				CODE_SIGN_STYLE = Automatic;
				DEVELOPMENT_TEAM = F68Q68LA39;
				INFOPLIST_FILE = VayeApp/Info.plist;
				LD_RUNPATH_SEARCH_PATHS = (
					"$(inherited)",
					"@executable_path/Frameworks",
				);
				PRODUCT_BUNDLE_IDENTIFIER = com.vaye.app.VayeApp;
				PRODUCT_NAME = "$(TARGET_NAME)";
				SWIFT_VERSION = 5.0;
				TARGETED_DEVICE_FAMILY = "1,2";
			};
			name = Debug;
		};
		662D8AEB259DF00F005E83C0 /* Release */ = {
			isa = XCBuildConfiguration;
			buildSettings = {
				ASSETCATALOG_COMPILER_APPICON_NAME = AppIcon;
				ASSETCATALOG_COMPILER_GLOBAL_ACCENT_COLOR_NAME = AccentColor;
				CODE_SIGN_STYLE = Automatic;
				DEVELOPMENT_TEAM = F68Q68LA39;
				INFOPLIST_FILE = VayeApp/Info.plist;
				LD_RUNPATH_SEARCH_PATHS = (
					"$(inherited)",
					"@executable_path/Frameworks",
				);
				PRODUCT_BUNDLE_IDENTIFIER = com.vaye.app.VayeApp;
				PRODUCT_NAME = "$(TARGET_NAME)";
				SWIFT_VERSION = 5.0;
				TARGETED_DEVICE_FAMILY = "1,2";
			};
			name = Release;
		};
		662D8AED259DF00F005E83C0 /* Debug */ = {
			isa = XCBuildConfiguration;
			buildSettings = {
				ALWAYS_EMBED_SWIFT_STANDARD_LIBRARIES = YES;
				BUNDLE_LOADER = "$(TEST_HOST)";
				CODE_SIGN_STYLE = Automatic;
				DEVELOPMENT_TEAM = F68Q68LA39;
				INFOPLIST_FILE = VayeAppTests/Info.plist;
				IPHONEOS_DEPLOYMENT_TARGET = 14.2;
				LD_RUNPATH_SEARCH_PATHS = (
					"$(inherited)",
					"@executable_path/Frameworks",
					"@loader_path/Frameworks",
				);
				PRODUCT_BUNDLE_IDENTIFIER = com.vaye.app.VayeAppTests;
				PRODUCT_NAME = "$(TARGET_NAME)";
				SWIFT_VERSION = 5.0;
				TARGETED_DEVICE_FAMILY = "1,2";
				TEST_HOST = "$(BUILT_PRODUCTS_DIR)/VayeApp.app/VayeApp";
			};
			name = Debug;
		};
		662D8AEE259DF00F005E83C0 /* Release */ = {
			isa = XCBuildConfiguration;
			buildSettings = {
				ALWAYS_EMBED_SWIFT_STANDARD_LIBRARIES = YES;
				BUNDLE_LOADER = "$(TEST_HOST)";
				CODE_SIGN_STYLE = Automatic;
				DEVELOPMENT_TEAM = F68Q68LA39;
				INFOPLIST_FILE = VayeAppTests/Info.plist;
				IPHONEOS_DEPLOYMENT_TARGET = 14.2;
				LD_RUNPATH_SEARCH_PATHS = (
					"$(inherited)",
					"@executable_path/Frameworks",
					"@loader_path/Frameworks",
				);
				PRODUCT_BUNDLE_IDENTIFIER = com.vaye.app.VayeAppTests;
				PRODUCT_NAME = "$(TARGET_NAME)";
				SWIFT_VERSION = 5.0;
				TARGETED_DEVICE_FAMILY = "1,2";
				TEST_HOST = "$(BUILT_PRODUCTS_DIR)/VayeApp.app/VayeApp";
			};
			name = Release;
		};
		662D8AF0259DF00F005E83C0 /* Debug */ = {
			isa = XCBuildConfiguration;
			buildSettings = {
				ALWAYS_EMBED_SWIFT_STANDARD_LIBRARIES = YES;
				CODE_SIGN_STYLE = Automatic;
				DEVELOPMENT_TEAM = F68Q68LA39;
				INFOPLIST_FILE = VayeAppUITests/Info.plist;
				LD_RUNPATH_SEARCH_PATHS = (
					"$(inherited)",
					"@executable_path/Frameworks",
					"@loader_path/Frameworks",
				);
				PRODUCT_BUNDLE_IDENTIFIER = com.vaye.app.VayeAppUITests;
				PRODUCT_NAME = "$(TARGET_NAME)";
				SWIFT_VERSION = 5.0;
				TARGETED_DEVICE_FAMILY = "1,2";
				TEST_TARGET_NAME = VayeApp;
			};
			name = Debug;
		};
		662D8AF1259DF00F005E83C0 /* Release */ = {
			isa = XCBuildConfiguration;
			buildSettings = {
				ALWAYS_EMBED_SWIFT_STANDARD_LIBRARIES = YES;
				CODE_SIGN_STYLE = Automatic;
				DEVELOPMENT_TEAM = F68Q68LA39;
				INFOPLIST_FILE = VayeAppUITests/Info.plist;
				LD_RUNPATH_SEARCH_PATHS = (
					"$(inherited)",
					"@executable_path/Frameworks",
					"@loader_path/Frameworks",
				);
				PRODUCT_BUNDLE_IDENTIFIER = com.vaye.app.VayeAppUITests;
				PRODUCT_NAME = "$(TARGET_NAME)";
				SWIFT_VERSION = 5.0;
				TARGETED_DEVICE_FAMILY = "1,2";
				TEST_TARGET_NAME = VayeApp;
			};
			name = Release;
		};
/* End XCBuildConfiguration section */

/* Begin XCConfigurationList section */
		662D8ABA259DF00E005E83C0 /* Build configuration list for PBXProject "VayeApp" */ = {
			isa = XCConfigurationList;
			buildConfigurations = (
				662D8AE7259DF00F005E83C0 /* Debug */,
				662D8AE8259DF00F005E83C0 /* Release */,
			);
			defaultConfigurationIsVisible = 0;
			defaultConfigurationName = Release;
		};
		662D8AE9259DF00F005E83C0 /* Build configuration list for PBXNativeTarget "VayeApp" */ = {
			isa = XCConfigurationList;
			buildConfigurations = (
				662D8AEA259DF00F005E83C0 /* Debug */,
				662D8AEB259DF00F005E83C0 /* Release */,
			);
			defaultConfigurationIsVisible = 0;
			defaultConfigurationName = Release;
		};
		662D8AEC259DF00F005E83C0 /* Build configuration list for PBXNativeTarget "VayeAppTests" */ = {
			isa = XCConfigurationList;
			buildConfigurations = (
				662D8AED259DF00F005E83C0 /* Debug */,
				662D8AEE259DF00F005E83C0 /* Release */,
			);
			defaultConfigurationIsVisible = 0;
			defaultConfigurationName = Release;
		};
		662D8AEF259DF00F005E83C0 /* Build configuration list for PBXNativeTarget "VayeAppUITests" */ = {
			isa = XCConfigurationList;
			buildConfigurations = (
				662D8AF0259DF00F005E83C0 /* Debug */,
				662D8AF1259DF00F005E83C0 /* Release */,
			);
			defaultConfigurationIsVisible = 0;
			defaultConfigurationName = Release;
		};
/* End XCConfigurationList section */
	};
	rootObject = 662D8AB7259DF00E005E83C0 /* Project object */;
}
